
Microsoft Visual Studio Solution File, Format Version 12.00
# Visual Studio Version 17
VisualStudioVersion = 17.13.36105.23 d17.13
MinimumVisualStudioVersion = 10.0.40219.1
Project("{FAE04EC0-301F-11D3-BF4B-00C04F79EFBC}") = "OrderAPI", "OrderAPI\OrderAPI.csproj", "{20537EED-7C8A-4A4B-9804-01507324A051}"
EndProject
Global
	GlobalSection(SolutionConfigurationPlatforms) = preSolution
		Debug|Any CPU = Debug|Any CPU
		Release|Any CPU = Release|Any CPU
	EndGlobalSection
	GlobalSection(ProjectConfigurationPlatforms) = postSolution
		{20537EED-7C8A-4A4B-9804-01507324A051}.Debug|Any CPU.ActiveCfg = Debug|Any CPU
		{20537EED-7C8A-4A4B-9804-01507324A051}.Debug|Any CPU.Build.0 = Debug|Any CPU
		{20537EED-7C8A-4A4B-9804-01507324A051}.Release|Any CPU.ActiveCfg = Release|Any CPU
		{20537EED-7C8A-4A4B-9804-01507324A051}.Release|Any CPU.Build.0 = Release|Any CPU
	EndGlobalSection
	GlobalSection(SolutionProperties) = preSolution
		HideSolutionNode = FALSE
	EndGlobalSection
	GlobalSection(ExtensibilityGlobals) = postSolution
		SolutionGuid = {04E78E8B-78CC-4441-BDCA-0932396EF054}
	EndGlobalSection
EndGlobal
