
Microsoft Visual Studio Solution File, Format Version 12.00
# Visual Studio Version 17
VisualStudioVersion = 17.13.36105.23 d17.13
MinimumVisualStudioVersion = 10.0.40219.1
Project("{FAE04EC0-301F-11D3-BF4B-00C04F79EFBC}") = "FraudCheckAPI", "FraudCheckAPI\FraudCheckAPI.csproj", "{8E938172-DD16-4E5B-A2BB-9A4297963FBF}"
EndProject
Global
	GlobalSection(SolutionConfigurationPlatforms) = preSolution
		Debug|Any CPU = Debug|Any CPU
		Release|Any CPU = Release|Any CPU
	EndGlobalSection
	GlobalSection(ProjectConfigurationPlatforms) = postSolution
		{8E938172-DD16-4E5B-A2BB-9A4297963FBF}.Debug|Any CPU.ActiveCfg = Debug|Any CPU
		{8E938172-DD16-4E5B-A2BB-9A4297963FBF}.Debug|Any CPU.Build.0 = Debug|Any CPU
		{8E938172-DD16-4E5B-A2BB-9A4297963FBF}.Release|Any CPU.ActiveCfg = Release|Any CPU
		{8E938172-DD16-4E5B-A2BB-9A4297963FBF}.Release|Any CPU.Build.0 = Release|Any CPU
	EndGlobalSection
	GlobalSection(SolutionProperties) = preSolution
		HideSolutionNode = FALSE
	EndGlobalSection
	GlobalSection(ExtensibilityGlobals) = postSolution
		SolutionGuid = {42FD1CEB-3DF2-4500-A410-5C533FE9234C}
	EndGlobalSection
EndGlobal
